PODS:
  - Alamofire (5.7.1)
  - AnyCodable-FlightSchool (0.4.1)
  - AppAuth (1.6.2):
    - AppAuth/Core (= 1.6.2)
    - AppAuth/ExternalUserAgent (= 1.6.2)
  - AppAuth/Core (1.6.2)
  - AppAuth/ExternalUserAgent (1.6.2):
    - AppAuth/Core
  - Base32 (1.1.2)
  - Cidaas (1.3.0):
    - Alamofire (~> 5.1)
    - AnyCodable-FlightSchool (~> 0.4.0)
    - Cidaas/Consent (= 1.3.0)
    - Cidaas/Core (= 1.3.0)
    - Cidaas/Facebook (= 1.3.0)
    - Cidaas/Native (= 1.3.0)
    - Cidaas/Verification (= 1.3.0)
    - CryptoSwift (~> 1.3)
    - OneTimePassword (~> 3.2)
    - SwiftKeychainWrapper (~> 3.4)
  - Cidaas/Consent (1.3.0):
    - Alamofire (~> 5.1)
    - AnyCodable-FlightSchool (~> 0.4.0)
    - Cidaas/Core
    - CryptoSwift (~> 1.3)
    - OneTimePassword (~> 3.2)
    - SwiftKeychainWrapper (~> 3.4)
  - Cidaas/Core (1.3.0):
    - Alamofire (~> 5.1)
    - AnyCodable-FlightSchool (~> 0.4.0)
    - CryptoSwift (~> 1.3)
    - OneTimePassword (~> 3.2)
    - SwiftKeychainWrapper (~> 3.4)
  - Cidaas/Facebook (1.3.0):
    - Alamofire (~> 5.1)
    - AnyCodable-FlightSchool (~> 0.4.0)
    - Cidaas/Core
    - CryptoSwift (~> 1.3)
    - FacebookCore (= 0.8)
    - FacebookLogin (= 0.8)
    - FBSDKCoreKit (= 5.5.0)
    - FBSDKLoginKit (= 5.5.0)
    - OneTimePassword (~> 3.2)
    - SwiftKeychainWrapper (~> 3.4)
  - Cidaas/Native (1.3.0):
    - Alamofire (~> 5.1)
    - AnyCodable-FlightSchool (~> 0.4.0)
    - Cidaas/Core
    - CryptoSwift (~> 1.3)
    - OneTimePassword (~> 3.2)
    - SwiftKeychainWrapper (~> 3.4)
  - Cidaas/Verification (1.3.0):
    - Alamofire (~> 5.1)
    - AnyCodable-FlightSchool (~> 0.4.0)
    - Cidaas/Core
    - CryptoSwift (~> 1.3)
    - OneTimePassword (~> 3.2)
    - SwiftKeychainWrapper (~> 3.4)
  - CryptoSwift (1.7.1)
  - FacebookCore (0.8.0):
    - FBSDKCoreKit (~> 5.0)
  - FacebookLogin (0.8.0):
    - FacebookCore (~> 0.8.0)
    - FBSDKCoreKit (~> 5.0)
    - FBSDKLoginKit (~> 5.0)
  - FBSDKCoreKit (5.5.0):
    - FBSDKCoreKit/Basics (= 5.5.0)
    - FBSDKCoreKit/Core (= 5.5.0)
  - FBSDKCoreKit/Basics (5.5.0)
  - FBSDKCoreKit/Core (5.5.0):
    - FBSDKCoreKit/Basics
  - FBSDKLoginKit (5.5.0):
    - FBSDKCoreKit (~> 5.0)
  - GoogleSignIn (7.0.0):
    - AppAuth (~> 1.5)
    - GTMAppAuth (< 3.0, >= 1.3)
    - GTMSessionFetcher/Core (< 4.0, >= 1.1)
  - GTMAppAuth (2.0.0):
    - AppAuth/Core (~> 1.6)
    - GTMSessionFetcher/Core (< 4.0, >= 1.5)
  - GTMSessionFetcher/Core (3.1.1)
  - Mockingjay (3.0.0-alpha.1):
    - Mockingjay/Core (= 3.0.0-alpha.1)
    - Mockingjay/XCTest (= 3.0.0-alpha.1)
  - Mockingjay/Core (3.0.0-alpha.1):
    - URITemplate (~> 3.0)
  - Mockingjay/XCTest (3.0.0-alpha.1):
    - Mockingjay/Core
  - OneTimePassword (3.2.0):
    - Base32 (~> 1.1.2)
  - Quick (2.2.0)
  - SwiftKeychainWrapper (3.4.0)
  - URITemplate (3.0.1)

DEPENDENCIES:
  - Cidaas (from `../`)
  - GoogleSignIn
  - Mockingjay (= 3.0.0-alpha.1)
  - Quick (= 2.2.0)

SPEC REPOS:
  trunk:
    - Alamofire
    - AnyCodable-FlightSchool
    - AppAuth
    - Base32
    - CryptoSwift
    - FacebookCore
    - FacebookLogin
    - FBSDKCoreKit
    - FBSDKLoginKit
    - GoogleSignIn
    - GTMAppAuth
    - GTMSessionFetcher
    - Mockingjay
    - OneTimePassword
    - Quick
    - SwiftKeychainWrapper
    - URITemplate

EXTERNAL SOURCES:
  Cidaas:
    :path: "../"

SPEC CHECKSUMS:
  Alamofire: 0123a34370cb170936ae79a8df46cc62b2edeb88
  AnyCodable-FlightSchool: d27283db6e9feaddb0fa73a25835e5cdf41b3213
  AppAuth: 3bb1d1cd9340bd09f5ed189fb00b1cc28e1e8570
  Base32: 163c298644d184e89ca4e00a996bad6bf5166390
  Cidaas: d1fc906023653418aaee8b4dfa0483201e642747
  CryptoSwift: d3d18dc357932f7e6d580689e065cf1f176007c1
  FacebookCore: 563bb4cbcd7dd86cf89f3729252140bf256aacaa
  FacebookLogin: 8b966ae661e95e7dba837d7cc49cc464ce003dba
  FBSDKCoreKit: 7ade9cfea30eef2f6cf105a1aa904f89ea68fb7d
  FBSDKLoginKit: bb28062f24e79590c44ba03297ca9bea4b6436d2
  GoogleSignIn: b232380cf495a429b8095d3178a8d5855b42e842
  GTMAppAuth: 99fb010047ba3973b7026e45393f51f27ab965ae
  GTMSessionFetcher: e8647203b65cee28c5f73d0f473d096653945e72
  Mockingjay: 0f7c5aa49c7f1b95621cee3c79b557141f5a225c
  OneTimePassword: c00ecc908e67e6c5bfda9d50b0b2e4696d0b066e
  Quick: 7fb19e13be07b5dfb3b90d4f9824c855a11af40e
  SwiftKeychainWrapper: 6fc49fbf7d4a6b0772917acb0e53a1639f6078d6
  URITemplate: 5f5a79f3e384884102c4e6b3325d159c20a8035a

PODFILE CHECKSUM: c302d43c4035ad5ee871d8df251e197790c86384

COCOAPODS: 1.12.1
