PODS:
  - Alamofire (4.7.3)
  - Base32 (1.1.2)
  - Cidaas (0.0.1.3):
    - Alamofire (~> 4.7)
    - CryptoSwift (~> 0.10)
    - OneTimePassword (~> 3.1)
  - CryptoSwift (0.11.0)
  - FBSnapshotTestCase (2.1.4):
    - FBSnapshotTestCase/SwiftSupport (= 2.1.4)
  - FBSnapshotTestCase/Core (2.1.4)
  - FBSnapshotTestCase/SwiftSupport (2.1.4):
    - FBSnapshotTestCase/Core
  - IQKeyboardManagerSwift (5.0.8)
  - Mockingjay (2.0.1):
    - Mockingjay/Core (= 2.0.1)
    - Mockingjay/XCTest (= 2.0.1)
  - Mockingjay/Core (2.0.1):
    - URITemplate (~> 2.0)
  - Mockingjay/XCTest (2.0.1):
    - Mockingjay/Core
  - Nimble (7.0.3)
  - Nimble-Snapshots (6.3.0):
    - Nimble-Snapshots/Core (= 6.3.0)
  - Nimble-Snapshots/Core (6.3.0):
    - FBSnapshotTestCase (~> 2.0)
    - Nimble (~> 7.0)
  - OneTimePassword (3.1.3):
    - Base32 (~> 1.1.2)
  - Quick (1.2.0)
  - SCLAlertView (0.8)
  - SDWebImage (4.4.2):
    - SDWebImage/Core (= 4.4.2)
  - SDWebImage/Core (4.4.2)
  - URITemplate (2.0.3)

DEPENDENCIES:
  - Cidaas (from `../`)
  - FBSnapshotTestCase (~> 2.1.4)
  - IQKeyboardManagerSwift (~> 5.0.3)
  - Mockingjay (~> 2.0)
  - Nimble (~> 7.0.2)
  - Nimble-Snapshots (~> 6.3.0)
  - Quick (~> 1.2.0)
  - SCLAlertView
  - SDWebImage (~> 4.4)

SPEC REPOS:
  https://github.com/cocoapods/specs.git:
    - Alamofire
    - Base32
    - CryptoSwift
    - FBSnapshotTestCase
    - IQKeyboardManagerSwift
    - Mockingjay
    - Nimble
    - Nimble-Snapshots
    - OneTimePassword
    - Quick
    - SCLAlertView
    - SDWebImage
    - URITemplate

EXTERNAL SOURCES:
  Cidaas:
    :path: "../"

SPEC CHECKSUMS:
  Alamofire: c7287b6e5d7da964a70935e5db17046b7fde6568
  Base32: 163c298644d184e89ca4e00a996bad6bf5166390
  Cidaas: 8eb3efad34bc0ce36af931627657d048d83fef4b
  CryptoSwift: ad5208dd2aae0a764ea4ce2c2d34bd067cae67f0
  FBSnapshotTestCase: 094f9f314decbabe373b87cc339bea235a63e07a
  IQKeyboardManagerSwift: 2e7dc7f98c111458c1ea2b373f893e8cf95e2b97
  Mockingjay: 11a621880d2887f1775bdcf824341eb68f218450
  Nimble: 7f5a9c447a33002645a071bddafbfb24ea70e0ac
  Nimble-Snapshots: f5459b5b091678dc942d03ec4741cacb58ba4a52
  OneTimePassword: 155d3c0cffbf22b39fb0def99d9e0facf6a37a7c
  Quick: 58d203b1c5e27fff7229c4c1ae445ad7069a7a08
  SCLAlertView: 6a77bb2edfc65e04dbe57725546cb4107a506b85
  SDWebImage: 624d6e296c69b244bcede364c72ae0430ac14681
  URITemplate: ace0c4c46dcf8afe6e89b4060621852886b15c3b

PODFILE CHECKSUM: 3da481026fca0b89ec43d0043bef70b2a8e324fd

COCOAPODS: 1.5.3
